
Microsoft Visual Studio Solution File, Format Version 12.00
# Visual Studio Version 17
VisualStudioVersion = 17.14.37314.3 d17.14
MinimumVisualStudioVersion = 10.0.40219.1
Project("{FAE04EC0-301F-11D3-BF4B-00C04F79EFBC}") = "AppointmentSchedulingModule", "AppointmentSchedulingModule\AppointmentSchedulingModule.csproj", "{B7D8EDC1-30F0-4A32-8577-743387D46114}"
EndProject
Global
	GlobalSection(SolutionConfigurationPlatforms) = preSolution
		Debug|Any CPU = Debug|Any CPU
		Release|Any CPU = Release|Any CPU
	EndGlobalSection
	GlobalSection(ProjectConfigurationPlatforms) = postSolution
		{B7D8EDC1-30F0-4A32-8577-743387D46114}.Debug|Any CPU.ActiveCfg = Debug|Any CPU
		{B7D8EDC1-30F0-4A32-8577-743387D46114}.Debug|Any CPU.Build.0 = Debug|Any CPU
		{B7D8EDC1-30F0-4A32-8577-743387D46114}.Release|Any CPU.ActiveCfg = Release|Any CPU
		{B7D8EDC1-30F0-4A32-8577-743387D46114}.Release|Any CPU.Build.0 = Release|Any CPU
	EndGlobalSection
	GlobalSection(SolutionProperties) = preSolution
		HideSolutionNode = FALSE
	EndGlobalSection
	GlobalSection(ExtensibilityGlobals) = postSolution
		SolutionGuid = {53D2BA8B-9AB3-4C48-AF52-5FB0EDD8859A}
	EndGlobalSection
EndGlobal
