
Microsoft Visual Studio Solution File, Format Version 12.00
# Visual Studio Version 17
VisualStudioVersion = 17.14.37314.3 d17.14
MinimumVisualStudioVersion = 10.0.40219.1
Project("{FAE04EC0-301F-11D3-BF4B-00C04F79EFBC}") = "EHRMvcAuditLedgerDemo", "EHRMvcAuditLedgerDemo\EHRMvcAuditLedgerDemo.csproj", "{BC434C3A-6D14-4A61-8C03-247A188366EC}"
EndProject
Global
	GlobalSection(SolutionConfigurationPlatforms) = preSolution
		Debug|Any CPU = Debug|Any CPU
		Release|Any CPU = Release|Any CPU
	EndGlobalSection
	GlobalSection(ProjectConfigurationPlatforms) = postSolution
		{BC434C3A-6D14-4A61-8C03-247A188366EC}.Debug|Any CPU.ActiveCfg = Debug|Any CPU
		{BC434C3A-6D14-4A61-8C03-247A188366EC}.Debug|Any CPU.Build.0 = Debug|Any CPU
		{BC434C3A-6D14-4A61-8C03-247A188366EC}.Release|Any CPU.ActiveCfg = Release|Any CPU
		{BC434C3A-6D14-4A61-8C03-247A188366EC}.Release|Any CPU.Build.0 = Release|Any CPU
	EndGlobalSection
	GlobalSection(SolutionProperties) = preSolution
		HideSolutionNode = FALSE
	EndGlobalSection
	GlobalSection(ExtensibilityGlobals) = postSolution
		SolutionGuid = {1FD22D66-8C01-469F-AA30-79AD9ED1DC8D}
	EndGlobalSection
EndGlobal
