
Microsoft Visual Studio Solution File, Format Version 12.00
# Visual Studio Version 17
VisualStudioVersion = 17.14.37314.3 d17.14
MinimumVisualStudioVersion = 10.0.40219.1
Project("{FAE04EC0-301F-11D3-BF4B-00C04F79EFBC}") = "EHRMvcDemo", "EHRMvcDemo\EHRMvcDemo.csproj", "{02ABF209-D233-46FF-A4AD-EE3B72804031}"
EndProject
Global
	GlobalSection(SolutionConfigurationPlatforms) = preSolution
		Debug|Any CPU = Debug|Any CPU
		Release|Any CPU = Release|Any CPU
	EndGlobalSection
	GlobalSection(ProjectConfigurationPlatforms) = postSolution
		{02ABF209-D233-46FF-A4AD-EE3B72804031}.Debug|Any CPU.ActiveCfg = Debug|Any CPU
		{02ABF209-D233-46FF-A4AD-EE3B72804031}.Debug|Any CPU.Build.0 = Debug|Any CPU
		{02ABF209-D233-46FF-A4AD-EE3B72804031}.Release|Any CPU.ActiveCfg = Release|Any CPU
		{02ABF209-D233-46FF-A4AD-EE3B72804031}.Release|Any CPU.Build.0 = Release|Any CPU
	EndGlobalSection
	GlobalSection(SolutionProperties) = preSolution
		HideSolutionNode = FALSE
	EndGlobalSection
	GlobalSection(ExtensibilityGlobals) = postSolution
		SolutionGuid = {40ACD9F6-7F63-4ED5-B190-20FEF86744F9}
	EndGlobalSection
EndGlobal
