
Microsoft Visual Studio Solution File, Format Version 12.00
# Visual Studio Version 17
VisualStudioVersion = 17.14.37314.3 d17.14
MinimumVisualStudioVersion = 10.0.40219.1
Project("{FAE04EC0-301F-11D3-BF4B-00C04F79EFBC}") = "CareBridge.EFCoreDemo", "CareBridge.EFCoreDemo\CareBridge.EFCoreDemo.csproj", "{5B40F0DA-BD0F-49CC-9E1C-33A491850956}"
EndProject
Project("{FAE04EC0-301F-11D3-BF4B-00C04F79EFBC}") = "CareBridge.API", "CareBridge.API\CareBridge.API.csproj", "{104B5050-4AA0-44AC-A1F0-20ECA0BB11D1}"
EndProject
Global
	GlobalSection(SolutionConfigurationPlatforms) = preSolution
		Debug|Any CPU = Debug|Any CPU
		Release|Any CPU = Release|Any CPU
	EndGlobalSection
	GlobalSection(ProjectConfigurationPlatforms) = postSolution
		{5B40F0DA-BD0F-49CC-9E1C-33A491850956}.Debug|Any CPU.ActiveCfg = Debug|Any CPU
		{5B40F0DA-BD0F-49CC-9E1C-33A491850956}.Debug|Any CPU.Build.0 = Debug|Any CPU
		{5B40F0DA-BD0F-49CC-9E1C-33A491850956}.Release|Any CPU.ActiveCfg = Release|Any CPU
		{5B40F0DA-BD0F-49CC-9E1C-33A491850956}.Release|Any CPU.Build.0 = Release|Any CPU
		{104B5050-4AA0-44AC-A1F0-20ECA0BB11D1}.Debug|Any CPU.ActiveCfg = Debug|Any CPU
		{104B5050-4AA0-44AC-A1F0-20ECA0BB11D1}.Debug|Any CPU.Build.0 = Debug|Any CPU
		{104B5050-4AA0-44AC-A1F0-20ECA0BB11D1}.Release|Any CPU.ActiveCfg = Release|Any CPU
		{104B5050-4AA0-44AC-A1F0-20ECA0BB11D1}.Release|Any CPU.Build.0 = Release|Any CPU
	EndGlobalSection
	GlobalSection(SolutionProperties) = preSolution
		HideSolutionNode = FALSE
	EndGlobalSection
	GlobalSection(ExtensibilityGlobals) = postSolution
		SolutionGuid = {2F221751-467B-494E-A664-C063C175C9AE}
	EndGlobalSection
EndGlobal
