
Microsoft Visual Studio Solution File, Format Version 12.00
# Visual Studio Version 17
VisualStudioVersion = 17.14.37314.3 d17.14
MinimumVisualStudioVersion = 10.0.40219.1
Project("{FAE04EC0-301F-11D3-BF4B-00C04F79EFBC}") = "CareBridge-Performance-Assignment", "CareBridge-Performance-Assignment\CareBridge-Performance-Assignment.csproj", "{2A156EE9-73C4-4ABE-A5A2-1FD601942DFD}"
EndProject
Global
	GlobalSection(SolutionConfigurationPlatforms) = preSolution
		Debug|Any CPU = Debug|Any CPU
		Release|Any CPU = Release|Any CPU
	EndGlobalSection
	GlobalSection(ProjectConfigurationPlatforms) = postSolution
		{2A156EE9-73C4-4ABE-A5A2-1FD601942DFD}.Debug|Any CPU.ActiveCfg = Debug|Any CPU
		{2A156EE9-73C4-4ABE-A5A2-1FD601942DFD}.Debug|Any CPU.Build.0 = Debug|Any CPU
		{2A156EE9-73C4-4ABE-A5A2-1FD601942DFD}.Release|Any CPU.ActiveCfg = Release|Any CPU
		{2A156EE9-73C4-4ABE-A5A2-1FD601942DFD}.Release|Any CPU.Build.0 = Release|Any CPU
	EndGlobalSection
	GlobalSection(SolutionProperties) = preSolution
		HideSolutionNode = FALSE
	EndGlobalSection
	GlobalSection(ExtensibilityGlobals) = postSolution
		SolutionGuid = {C0E8492F-146C-4822-ADA8-9C1B5F98DC2C}
	EndGlobalSection
EndGlobal
